Microsoft Visual Studio Solution File, Format Version 12.00
# Visual Studio Version 17
VisualStudioVersion = 17.13.35825.156
MinimumVisualStudioVersion = 10.0.40219.1
Project("{FAE04EC0-301F-11D3-BF4B-00C04F79EFBC}") = "DotNetPokemonBattle", "DotNetPokemonBattle\DotNetPokemonBattle.csproj", "{21A6D540-6357-47C1-9DA7-A98F06D87F98}"
EndProject
Global
	GlobalSection(SolutionConfigurationPlatforms) = preSolution
		Debug|Any CPU = Debug|Any CPU
		Release|Any CPU = Release|Any CPU
	EndGlobalSection
	GlobalSection(ProjectConfigurationPlatforms) = postSolution
		{21A6D540-6357-47C1-9DA7-A98F06D87F98}.Debug|Any CPU.ActiveCfg = Debug|Any CPU
		{21A6D540-6357-47C1-9DA7-A98F06D87F98}.Debug|Any CPU.Build.0 = Debug|Any CPU
		{21A6D540-6357-47C1-9DA7-A98F06D87F98}.Release|Any CPU.ActiveCfg = Release|Any CPU
		{21A6D540-6357-47C1-9DA7-A98F06D87F98}.Release|Any CPU.Build.0 = Release|Any CPU
	EndGlobalSection
	GlobalSection(SolutionProperties) = preSolution
		HideSolutionNode = FALSE
	EndGlobalSection
	GlobalSection(ExtensibilityGlobals) = postSolution
		SolutionGuid = {B7DEF5DD-2727-4BCD-95D2-38EBF4B9511F}
	EndGlobalSection
EndGlobal
